
Microsoft Visual Studio Solution File, Format Version 12.00
# Visual Studio 15
Project("{FAE04EC0-301F-11D3-BF4B-00C04F79EFBC}") = "Assembly-CSharp", "Assembly-CSharp.csproj", "{2B95398B-8789-0860-4538-A0786BE05A73}"
EndProject
Project("{FAE04EC0-301F-11D3-BF4B-00C04F79EFBC}") = "Assembly-CSharp-Editor", "Assembly-CSharp-Editor.csproj", "{47286893-CF96-D8D4-432C-F88F91EEE292}"
EndProject
Global
	GlobalSection(SolutionConfigurationPlatforms) = preSolution
		Debug|Any CPU = Debug|Any CPU
		Release|Any CPU = Release|Any CPU
	EndGlobalSection
	GlobalSection(ProjectConfigurationPlatforms) = postSolution
		{2B95398B-8789-0860-4538-A0786BE05A73}.Debug|Any CPU.ActiveCfg = Debug|Any CPU
		{2B95398B-8789-0860-4538-A0786BE05A73}.Debug|Any CPU.Build.0 = Debug|Any CPU
		{2B95398B-8789-0860-4538-A0786BE05A73}.Release|Any CPU.ActiveCfg = Release|Any CPU
		{2B95398B-8789-0860-4538-A0786BE05A73}.Release|Any CPU.Build.0 = Release|Any CPU
		{47286893-CF96-D8D4-432C-F88F91EEE292}.Debug|Any CPU.ActiveCfg = Debug|Any CPU
		{47286893-CF96-D8D4-432C-F88F91EEE292}.Debug|Any CPU.Build.0 = Debug|Any CPU
		{47286893-CF96-D8D4-432C-F88F91EEE292}.Release|Any CPU.ActiveCfg = Release|Any CPU
		{47286893-CF96-D8D4-432C-F88F91EEE292}.Release|Any CPU.Build.0 = Release|Any CPU
	EndGlobalSection
	GlobalSection(SolutionProperties) = preSolution
		HideSolutionNode = FALSE
	EndGlobalSection
EndGlobal
